Microsoft Visual Studio Solution File, Format Version 12.00
# Visual Studio Version 17
VisualStudioVersion = 17.5.2.0
MinimumVisualStudioVersion = 10.0.40219.1
Project("{FAE04EC0-301F-11D3-BF4B-00C04F79EFBC}") = "SalesTrackAcademy", "SalesTrackAcademy\SalesTrackAcademy.csproj", "{7E902BB5-3A55-D999-0837-3569125645F5}"
EndProject
Global
	GlobalSection(SolutionConfigurationPlatforms) = preSolution
		Debug|Any CPU = Debug|Any CPU
		Release|Any CPU = Release|Any CPU
	EndGlobalSection
	GlobalSection(ProjectConfigurationPlatforms) = postSolution
		{7E902BB5-3A55-D999-0837-3569125645F5}.Debug|Any CPU.ActiveCfg = Debug|Any CPU
		{7E902BB5-3A55-D999-0837-3569125645F5}.Debug|Any CPU.Build.0 = Debug|Any CPU
		{7E902BB5-3A55-D999-0837-3569125645F5}.Release|Any CPU.ActiveCfg = Release|Any CPU
		{7E902BB5-3A55-D999-0837-3569125645F5}.Release|Any CPU.Build.0 = Release|Any CPU
	EndGlobalSection
	GlobalSection(SolutionProperties) = preSolution
		HideSolutionNode = FALSE
	EndGlobalSection
	GlobalSection(ExtensibilityGlobals) = postSolution
		SolutionGuid = {3F161557-70B6-4A35-806D-EDF332555D40}
	EndGlobalSection
EndGlobal
